
Microsoft Visual Studio Solution File, Format Version 12.00
# Visual Studio 15
VisualStudioVersion = 15.0.28307.1831
MinimumVisualStudioVersion = 10.0.40219.1
Project("{FAE04EC0-301F-11D3-BF4B-00C04F79EFBC}") = "ECommerce.API", "ECommerce.API\ECommerce.API.csproj", "{AEF61A26-0361-454C-871C-10E3E934484B}"
EndProject
Project("{FAE04EC0-301F-11D3-BF4B-00C04F79EFBC}") = "ECommerce.Common", "ECommerce.Common\ECommerce.Common.csproj", "{CCBB6650-0742-4C09-A032-2E00BE28776B}"
EndProject
Project("{FAE04EC0-301F-11D3-BF4B-00C04F79EFBC}") = "ECommerce.DBEngine", "ECommerce.DBEngine\ECommerce.DBEngine.csproj", "{9F308EC8-0087-4BE1-A2AD-09034D8810E4}"
EndProject
Project("{FAE04EC0-301F-11D3-BF4B-00C04F79EFBC}") = "ECommerce.Models", "ECommerce.Models\ECommerce.Models.csproj", "{6AD0DFE8-8A20-4B8B-9A93-DEA029CD053E}"
EndProject
Project("{FAE04EC0-301F-11D3-BF4B-00C04F79EFBC}") = "ECommerce.Repository", "ECommerce.Repository\ECommerce.Repository.csproj", "{8B26EFD0-B826-4AF5-93EF-8D99A51C7389}"
EndProject
Project("{FAE04EC0-301F-11D3-BF4B-00C04F79EFBC}") = "ECommerce.Services", "ECommerce.Services\ECommerce.Services.csproj", "{934C0D28-748D-4728-B3E0-6B45498F631A}"
EndProject
Global
	GlobalSection(SolutionConfigurationPlatforms) = preSolution
		Debug|Any CPU = Debug|Any CPU
		Release|Any CPU = Release|Any CPU
	EndGlobalSection
	GlobalSection(ProjectConfigurationPlatforms) = postSolution
		{AEF61A26-0361-454C-871C-10E3E934484B}.Debug|Any CPU.ActiveCfg = Debug|Any CPU
		{AEF61A26-0361-454C-871C-10E3E934484B}.Debug|Any CPU.Build.0 = Debug|Any CPU
		{AEF61A26-0361-454C-871C-10E3E934484B}.Release|Any CPU.ActiveCfg = Release|Any CPU
		{AEF61A26-0361-454C-871C-10E3E934484B}.Release|Any CPU.Build.0 = Release|Any CPU
		{CCBB6650-0742-4C09-A032-2E00BE28776B}.Debug|Any CPU.ActiveCfg = Debug|Any CPU
		{CCBB6650-0742-4C09-A032-2E00BE28776B}.Debug|Any CPU.Build.0 = Debug|Any CPU
		{CCBB6650-0742-4C09-A032-2E00BE28776B}.Release|Any CPU.ActiveCfg = Release|Any CPU
		{CCBB6650-0742-4C09-A032-2E00BE28776B}.Release|Any CPU.Build.0 = Release|Any CPU
		{9F308EC8-0087-4BE1-A2AD-09034D8810E4}.Debug|Any CPU.ActiveCfg = Debug|Any CPU
		{9F308EC8-0087-4BE1-A2AD-09034D8810E4}.Debug|Any CPU.Build.0 = Debug|Any CPU
		{9F308EC8-0087-4BE1-A2AD-09034D8810E4}.Release|Any CPU.ActiveCfg = Release|Any CPU
		{9F308EC8-0087-4BE1-A2AD-09034D8810E4}.Release|Any CPU.Build.0 = Release|Any CPU
		{6AD0DFE8-8A20-4B8B-9A93-DEA029CD053E}.Debug|Any CPU.ActiveCfg = Debug|Any CPU
		{6AD0DFE8-8A20-4B8B-9A93-DEA029CD053E}.Debug|Any CPU.Build.0 = Debug|Any CPU
		{6AD0DFE8-8A20-4B8B-9A93-DEA029CD053E}.Release|Any CPU.ActiveCfg = Release|Any CPU
		{6AD0DFE8-8A20-4B8B-9A93-DEA029CD053E}.Release|Any CPU.Build.0 = Release|Any CPU
		{8B26EFD0-B826-4AF5-93EF-8D99A51C7389}.Debug|Any CPU.ActiveCfg = Debug|Any CPU
		{8B26EFD0-B826-4AF5-93EF-8D99A51C7389}.Debug|Any CPU.Build.0 = Debug|Any CPU
		{8B26EFD0-B826-4AF5-93EF-8D99A51C7389}.Release|Any CPU.ActiveCfg = Release|Any CPU
		{8B26EFD0-B826-4AF5-93EF-8D99A51C7389}.Release|Any CPU.Build.0 = Release|Any CPU
		{934C0D28-748D-4728-B3E0-6B45498F631A}.Debug|Any CPU.ActiveCfg = Debug|Any CPU
		{934C0D28-748D-4728-B3E0-6B45498F631A}.Debug|Any CPU.Build.0 = Debug|Any CPU
		{934C0D28-748D-4728-B3E0-6B45498F631A}.Release|Any CPU.ActiveCfg = Release|Any CPU
		{934C0D28-748D-4728-B3E0-6B45498F631A}.Release|Any CPU.Build.0 = Release|Any CPU
	EndGlobalSection
	GlobalSection(SolutionProperties) = preSolution
		HideSolutionNode = FALSE
	EndGlobalSection
	GlobalSection(ExtensibilityGlobals) = postSolution
		SolutionGuid = {20DEFAE4-1E6F-4C77-AB54-74D46486A60F}
	EndGlobalSection
EndGlobal
